
Microsoft Visual Studio Solution File, Format Version 12.00
# Visual Studio Version 17
VisualStudioVersion = 17.9.34616.47
MinimumVisualStudioVersion = 10.0.40219.1
Project("{8BC9CEB8-8B4A-11D0-8D11-00A0C91BC942}") = "PemdasRelasi", "PemdasRelasi\PemdasRelasi.vcxproj", "{2906F3BD-64F6-462A-97D3-87B5CEF581EB}"
EndProject
Global
	GlobalSection(SolutionConfigurationPlatforms) = preSolution
		Debug|x64 = Debug|x64
		Debug|x86 = Debug|x86
		Release|x64 = Release|x64
		Release|x86 = Release|x86
	EndGlobalSection
	GlobalSection(ProjectConfigurationPlatforms) = postSolution
		{2906F3BD-64F6-462A-97D3-87B5CEF581EB}.Debug|x64.ActiveCfg = Debug|x64
		{2906F3BD-64F6-462A-97D3-87B5CEF581EB}.Debug|x64.Build.0 = Debug|x64
		{2906F3BD-64F6-462A-97D3-87B5CEF581EB}.Debug|x86.ActiveCfg = Debug|Win32
		{2906F3BD-64F6-462A-97D3-87B5CEF581EB}.Debug|x86.Build.0 = Debug|Win32
		{2906F3BD-64F6-462A-97D3-87B5CEF581EB}.Release|x64.ActiveCfg = Release|x64
		{2906F3BD-64F6-462A-97D3-87B5CEF581EB}.Release|x64.Build.0 = Release|x64
		{2906F3BD-64F6-462A-97D3-87B5CEF581EB}.Release|x86.ActiveCfg = Release|Win32
		{2906F3BD-64F6-462A-97D3-87B5CEF581EB}.Release|x86.Build.0 = Release|Win32
	EndGlobalSection
	GlobalSection(SolutionProperties) = preSolution
		HideSolutionNode = FALSE
	EndGlobalSection
	GlobalSection(ExtensibilityGlobals) = postSolution
		SolutionGuid = {D9139F27-1A11-4D15-A788-EE569A1AFC29}
	EndGlobalSection
EndGlobal
